// !$*UTF8*$!
{
	archiveVersion = 1;
	classes = {
	};
	objectVersion = 70;
	objects = {

/* Begin PBXBuildFile section */
		BF6DE9712DC1161300E10EFC /* GoogleService-Info.plist in Resources */ = {isa = PBXBuildFile; fileRef = BF6DE9702DC1161300E10EFC /* GoogleService-Info.plist */; };
		BF6DEA222DC1465500E10EFC /* AuthKey_SVM58475VA.p8 in Resources */ = {isa = PBXBuildFile; fileRef = BF6DEA212DC1465500E10EFC /* AuthKey_SVM58475VA.p8 */; };
		BFB8F2D82DB77D4F00C5A7CB /* GoogleSignIn in Frameworks */ = {isa = PBXBuildFile; productRef = BFB8F2D72DB77D4F00C5A7CB /* GoogleSignIn */; };
		C4182EA22DA26B97006EF403 /* ContentView.swift in Sources */ = {isa = PBXBuildFile; fileRef = C4182EA12DA26B97006EF403 /* ContentView.swift */; };
		C4182EA72DA26B9A006EF403 /* Preview Assets.xcassets in Resources */ = {isa = PBXBuildFile; fileRef = C4182EA62DA26B9A006EF403 /* Preview Assets.xcassets */; };
		F138A1622DAF5FA2000A6DE9 /* FirebaseAuth in Frameworks */ = {isa = PBXBuildFile; productRef = F138A1612DAF5FA2000A6DE9 /* FirebaseAuth */; };
		F138A1642DAF5FA2000A6DE9 /* FirebaseCrashlytics in Frameworks */ = {isa = PBXBuildFile; productRef = F138A1632DAF5FA2000A6DE9 /* FirebaseCrashlytics */; };
		F138A1662DAF5FA2000A6DE9 /* FirebaseFirestore in Frameworks */ = {isa = PBXBuildFile; productRef = F138A1652DAF5FA2000A6DE9 /* FirebaseFirestore */; };
		F1641E452DC13117009E99DB /* KakaoMapsSDK-SPM in Frameworks */ = {isa = PBXBuildFile; productRef = F1641E442DC13117009E99DB /* KakaoMapsSDK-SPM */; };
		F1BB0F382DC11A0F0040F75B /* GoogleService-Info.plist in Resources */ = {isa = PBXBuildFile; fileRef = F1BB0F372DC11A0F0040F75B /* GoogleService-Info.plist */; };
/* End PBXBuildFile section */

/* Begin PBXFileReference section */
		BF6DE9702DC1161300E10EFC /* GoogleService-Info.plist */ = {isa = PBXFileReference; lastKnownFileType = text.plist.xml; path = "GoogleService-Info.plist"; sourceTree = "<group>"; };
		BF6DEA212DC1465500E10EFC /* AuthKey_SVM58475VA.p8 */ = {isa = PBXFileReference; lastKnownFileType = text; path = AuthKey_SVM58475VA.p8; sourceTree = "<group>"; };
		BFB8F2B62DB36B7500C5A7CB /* .gitignore */ = {isa = PBXFileReference; lastKnownFileType = text; path = .gitignore; sourceTree = "<group>"; };
		BFB8F2B72DB36CAA00C5A7CB /* README.md */ = {isa = PBXFileReference; lastKnownFileType = net.daringfireball.markdown; path = README.md; sourceTree = "<group>"; };
		BFB8F2E52DB8828A00C5A7CB /* Info.plist */ = {isa = PBXFileReference; lastKnownFileType = text.plist; path = Info.plist; sourceTree = "<group>"; };
		BFB8F2EA2DB8C13400C5A7CB /* teum.entitlements */ = {isa = PBXFileReference; lastKnownFileType = text.plist.entitlements; path = teum.entitlements; sourceTree = "<group>"; };
		C4182E9C2DA26B97006EF403 /* teum.app */ = {isa = PBXFileReference; explicitFileType = wrapper.application; includeInIndex = 0; path = teum.app; sourceTree = BUILT_PRODUCTS_DIR; };
		C4182EA12DA26B97006EF403 /* ContentView.swift */ = {isa = PBXFileReference; lastKnownFileType = sourcecode.swift; path = ContentView.swift; sourceTree = "<group>"; };
		C4182EA62DA26B9A006EF403 /* Preview Assets.xcassets */ = {isa = PBXFileReference; lastKnownFileType = folder.assetcatalog; path = "Preview Assets.xcassets"; sourceTree = "<group>"; };
/* End PBXFileReference section */

/* Begin PBXFileSystemSynchronizedRootGroup section */
		BF6DE9742DC1166900E10EFC /* Security */ = {isa = PBXFileSystemSynchronizedRootGroup; explicitFileTypes = {}; explicitFolders = (); path = Security; sourceTree = "<group>"; };
		F138A0B52DAE0E73000A6DE9 /* Application */ = {isa = PBXFileSystemSynchronizedRootGroup; explicitFileTypes = {}; explicitFolders = (); path = Application; sourceTree = "<group>"; };
		F138A0BC2DAE0E98000A6DE9 /* Assets */ = {isa = PBXFileSystemSynchronizedRootGroup; explicitFileTypes = {}; explicitFolders = (); path = Assets; sourceTree = "<group>"; };
		F138A0BE2DAE0EB9000A6DE9 /* Colors */ = {isa = PBXFileSystemSynchronizedRootGroup; explicitFileTypes = {}; explicitFolders = (); path = Colors; sourceTree = "<group>"; };
		F138A0C02DAE0EBF000A6DE9 /* Fonts */ = {isa = PBXFileSystemSynchronizedRootGroup; explicitFileTypes = {}; explicitFolders = (); path = Fonts; sourceTree = "<group>"; };
		F138A0C12DAE0ED5000A6DE9 /* Model */ = {isa = PBXFileSystemSynchronizedRootGroup; explicitFileTypes = {}; explicitFolders = (); path = Model; sourceTree = "<group>"; };
		F138A0C32DAE0EE3000A6DE9 /* Manager */ = {isa = PBXFileSystemSynchronizedRootGroup; explicitFileTypes = {}; explicitFolders = (); path = Manager; sourceTree = "<group>"; };
		F138A0C42DAE0EE8000A6DE9 /* Coordinator */ = {isa = PBXFileSystemSynchronizedRootGroup; explicitFileTypes = {}; explicitFolders = (); path = Coordinator; sourceTree = "<group>"; };
		F138A0C52DAE0EF0000A6DE9 /* Extension */ = {isa = PBXFileSystemSynchronizedRootGroup; explicitFileTypes = {}; explicitFolders = (); path = Extension; sourceTree = "<group>"; };
		F138A0D02DAE0F76000A6DE9 /* Protocol */ = {isa = PBXFileSystemSynchronizedRootGroup; explicitFileTypes = {}; explicitFolders = (); path = Protocol; sourceTree = "<group>"; };
		F138A0D32DAE0FA0000A6DE9 /* Utils */ = {isa = PBXFileSystemSynchronizedRootGroup; explicitFileTypes = {}; explicitFolders = (); path = Utils; sourceTree = "<group>"; };
		F138A0D62DAE0FC6000A6DE9 /* Views */ = {isa = PBXFileSystemSynchronizedRootGroup; explicitFileTypes = {}; explicitFolders = (); path = Views; sourceTree = "<group>"; };
/* End PBXFileSystemSynchronizedRootGroup section */

/* Begin PBXFrameworksBuildPhase section */
		C4182E992DA26B97006EF403 /* Frameworks */ = {
			isa = PBXFrameworksBuildPhase;
			buildActionMask = 2147483647;
			files = (
				F138A1622DAF5FA2000A6DE9 /* FirebaseAuth in Frameworks */,
				BFB8F2D82DB77D4F00C5A7CB /* GoogleSignIn in Frameworks */,
				F1641E452DC13117009E99DB /* KakaoMapsSDK-SPM in Frameworks */,
				F138A1642DAF5FA2000A6DE9 /* FirebaseCrashlytics in Frameworks */,
				F138A1662DAF5FA2000A6DE9 /* FirebaseFirestore in Frameworks */,
			);
			runOnlyForDeploymentPostprocessing = 0;
		};
/* End PBXFrameworksBuildPhase section */

/* Begin PBXGroup section */
		C4182E932DA26B97006EF403 = {
			isa = PBXGroup;
			children = (
				C4182E9E2DA26B97006EF403 /* teum */,
				C4182E9D2DA26B97006EF403 /* Products */,
				BFB8F2B62DB36B7500C5A7CB /* .gitignore */,
				BFB8F2B72DB36CAA00C5A7CB /* README.md */,
			);
			sourceTree = "<group>";
		};
		C4182E9D2DA26B97006EF403 /* Products */ = {
			isa = PBXGroup;
			children = (
				C4182E9C2DA26B97006EF403 /* teum.app */,
			);
			name = Products;
			sourceTree = "<group>";
		};
		C4182E9E2DA26B97006EF403 /* teum */ = {
			isa = PBXGroup;
			children = (
				BF6DE9742DC1166900E10EFC /* Security */,
				BFB8F2EA2DB8C13400C5A7CB /* teum.entitlements */,
				F1BB0F372DC11A0F0040F75B /* GoogleService-Info.plist */,
				BFB8F2E52DB8828A00C5A7CB /* Info.plist */,
				F138A0D62DAE0FC6000A6DE9 /* Views */,
				F138A0D32DAE0FA0000A6DE9 /* Utils */,
				F138A0D02DAE0F76000A6DE9 /* Protocol */,
				F138A0C52DAE0EF0000A6DE9 /* Extension */,
				F138A0C42DAE0EE8000A6DE9 /* Coordinator */,
				F138A0C32DAE0EE3000A6DE9 /* Manager */,
				F138A0C12DAE0ED5000A6DE9 /* Model */,
				F138A0BD2DAE0EAC000A6DE9 /* Resource */,
				F138A0B52DAE0E73000A6DE9 /* Application */,
				C4182EA12DA26B97006EF403 /* ContentView.swift */,
				C4182EA52DA26B9A006EF403 /* Preview Content */,
			);
			path = teum;
			sourceTree = "<group>";
		};
		C4182EA52DA26B9A006EF403 /* Preview Content */ = {
			isa = PBXGroup;
			children = (
				C4182EA62DA26B9A006EF403 /* Preview Assets.xcassets */,
			);
			path = "Preview Content";
			sourceTree = "<group>";
		};
		F138A0BD2DAE0EAC000A6DE9 /* Resource */ = {
			isa = PBXGroup;
			children = (
				F138A0BE2DAE0EB9000A6DE9 /* Colors */,
				F138A0BC2DAE0E98000A6DE9 /* Assets */,
				F138A0C02DAE0EBF000A6DE9 /* Fonts */,
			);
			path = Resource;
			sourceTree = "<group>";
		};
/* End PBXGroup section */

/* Begin PBXNativeTarget section */
		C4182E9B2DA26B97006EF403 /* teum */ = {
			isa = PBXNativeTarget;
			buildConfigurationList = C4182EAA2DA26B9A006EF403 /* Build configuration list for PBXNativeTarget "teum" */;
			buildPhases = (
				C4182E982DA26B97006EF403 /* Sources */,
				C4182E992DA26B97006EF403 /* Frameworks */,
				C4182E9A2DA26B97006EF403 /* Resources */,
			);
			buildRules = (
			);
			dependencies = (
			);
			fileSystemSynchronizedGroups = (
				BF6DE9742DC1166900E10EFC /* Security */,
				F138A0B52DAE0E73000A6DE9 /* Application */,
				F138A0BC2DAE0E98000A6DE9 /* Assets */,
				F138A0BE2DAE0EB9000A6DE9 /* Colors */,
				F138A0C02DAE0EBF000A6DE9 /* Fonts */,
				F138A0C12DAE0ED5000A6DE9 /* Model */,
				F138A0C32DAE0EE3000A6DE9 /* Manager */,
				F138A0C42DAE0EE8000A6DE9 /* Coordinator */,
				F138A0C52DAE0EF0000A6DE9 /* Extension */,
				F138A0D02DAE0F76000A6DE9 /* Protocol */,
				F138A0D32DAE0FA0000A6DE9 /* Utils */,
				F138A0D62DAE0FC6000A6DE9 /* Views */,
			);
			name = teum;
			productName = teum;
			productReference = C4182E9C2DA26B97006EF403 /* teum.app */;
			productType = "com.apple.product-type.application";
		};
/* End PBXNativeTarget section */

/* Begin PBXProject section */
		C4182E942DA26B97006EF403 /* Project object */ = {
			isa = PBXProject;
			attributes = {
				BuildIndependentTargetsInParallel = 1;
				LastSwiftUpdateCheck = 1540;
				LastUpgradeCheck = 1540;
				TargetAttributes = {
					C4182E9B2DA26B97006EF403 = {
						CreatedOnToolsVersion = 15.4;
					};
				};
			};
			buildConfigurationList = C4182E972DA26B97006EF403 /* Build configuration list for PBXProject "teum" */;
			compatibilityVersion = "Xcode 14.0";
			developmentRegion = en;
			hasScannedForEncodings = 0;
			knownRegions = (
				en,
				Base,
			);
			mainGroup = C4182E932DA26B97006EF403;
			packageReferences = (
				F138A1602DAF5FA2000A6DE9 /* XCRemoteSwiftPackageReference "firebase-ios-sdk" */,
				BFB8F2D62DB77D4F00C5A7CB /* XCRemoteSwiftPackageReference "GoogleSignIn-iOS" */,
				F1641E432DC13117009E99DB /* XCRemoteSwiftPackageReference "KakaoMapsSDK-SPM" */,
			);
			productRefGroup = C4182E9D2DA26B97006EF403 /* Products */;
			projectDirPath = "";
			projectRoot = "";
			targets = (
				C4182E9B2DA26B97006EF403 /* teum */,
			);
		};
/* End PBXProject section */

/* Begin PBXResourcesBuildPhase section */
		C4182E9A2DA26B97006EF403 /* Resources */ = {
			isa = PBXResourcesBuildPhase;
			buildActionMask = 2147483647;
			files = (
				C4182EA72DA26B9A006EF403 /* Preview Assets.xcassets in Resources */,
				F1BB0F382DC11A0F0040F75B /* GoogleService-Info.plist in Resources */,
			);
			runOnlyForDeploymentPostprocessing = 0;
		};
/* End PBXResourcesBuildPhase section */

/* Begin PBXSourcesBuildPhase section */
		C4182E982DA26B97006EF403 /* Sources */ = {
			isa = PBXSourcesBuildPhase;
			buildActionMask = 2147483647;
			files = (
				C4182EA22DA26B97006EF403 /* ContentView.swift in Sources */,
			);
			runOnlyForDeploymentPostprocessing = 0;
		};
/* End PBXSourcesBuildPhase section */

/* Begin XCBuildConfiguration section */
		C4182EA82DA26B9A006EF403 /* Debug */ = {
			isa = XCBuildConfiguration;
			buildSettings = {
				ALWAYS_SEARCH_USER_PATHS = NO;
				ASSETCATALOG_COMPILER_GENERATE_SWIFT_ASSET_SYMBOL_EXTENSIONS = YES;
				CLANG_ANALYZER_NONNULL = YES;
				CLANG_ANALYZER_NUMBER_OBJECT_CONVERSION = YES_AGGRESSIVE;
				CLANG_CXX_LANGUAGE_STANDARD = "gnu++20";
				CLANG_ENABLE_MODULES = YES;
				CLANG_ENABLE_OBJC_ARC = YES;
				CLANG_ENABLE_OBJC_WEAK = YES;
				CLANG_WARN_BLOCK_CAPTURE_AUTORELEASING = YES;
				CLANG_WARN_BOOL_CONVERSION = YES;
				CLANG_WARN_COMMA = YES;
				CLANG_WARN_CONSTANT_CONVERSION = YES;
				CLANG_WARN_DEPRECATED_OBJC_IMPLEMENTATIONS = YES;
				CLANG_WARN_DIRECT_OBJC_ISA_USAGE = YES_ERROR;
				CLANG_WARN_DOCUMENTATION_COMMENTS = YES;
				CLANG_WARN_EMPTY_BODY = YES;
				CLANG_WARN_ENUM_CONVERSION = YES;
				CLANG_WARN_INFINITE_RECURSION = YES;
				CLANG_WARN_INT_CONVERSION = YES;
				CLANG_WARN_NON_LITERAL_NULL_CONVERSION = YES;
				CLANG_WARN_OBJC_IMPLICIT_RETAIN_SELF = YES;
				CLANG_WARN_OBJC_LITERAL_CONVERSION = YES;
				CLANG_WARN_OBJC_ROOT_CLASS = YES_ERROR;
				CLANG_WARN_QUOTED_INCLUDE_IN_FRAMEWORK_HEADER = YES;
				CLANG_WARN_RANGE_LOOP_ANALYSIS = YES;
				CLANG_WARN_STRICT_PROTOTYPES = YES;
				CLANG_WARN_SUSPICIOUS_MOVE = YES;
				CLANG_WARN_UNGUARDED_AVAILABILITY = YES_AGGRESSIVE;
				CLANG_WARN_UNREACHABLE_CODE = YES;
				CLANG_WARN__DUPLICATE_METHOD_MATCH = YES;
				COPY_PHASE_STRIP = NO;
				DEBUG_INFORMATION_FORMAT = dwarf;
				ENABLE_STRICT_OBJC_MSGSEND = YES;
				ENABLE_TESTABILITY = YES;
				ENABLE_USER_SCRIPT_SANDBOXING = YES;
				GCC_C_LANGUAGE_STANDARD = gnu17;
				GCC_DYNAMIC_NO_PIC = NO;
				GCC_NO_COMMON_BLOCKS = YES;
				GCC_OPTIMIZATION_LEVEL = 0;
				GCC_PREPROCESSOR_DEFINITIONS = (
					"DEBUG=1",
					"$(inherited)",
				);
				GCC_WARN_64_TO_32_BIT_CONVERSION = YES;
				GCC_WARN_ABOUT_RETURN_TYPE = YES_ERROR;
				GCC_WARN_UNDECLARED_SELECTOR = YES;
				GCC_WARN_UNINITIALIZED_AUTOS = YES_AGGRESSIVE;
				GCC_WARN_UNUSED_FUNCTION = YES;
				GCC_WARN_UNUSED_VARIABLE = YES;
				IPHONEOS_DEPLOYMENT_TARGET = 17.5;
				LOCALIZATION_PREFERS_STRING_CATALOGS = YES;
				MTL_ENABLE_DEBUG_INFO = INCLUDE_SOURCE;
				MTL_FAST_MATH = YES;
				ONLY_ACTIVE_ARCH = YES;
				SDKROOT = iphoneos;
				SWIFT_ACTIVE_COMPILATION_CONDITIONS = "DEBUG $(inherited)";
				SWIFT_OPTIMIZATION_LEVEL = "-Onone";
			};
			name = Debug;
		};
		C4182EA92DA26B9A006EF403 /* Release */ = {
			isa = XCBuildConfiguration;
			buildSettings = {
				ALWAYS_SEARCH_USER_PATHS = NO;
				ASSETCATALOG_COMPILER_GENERATE_SWIFT_ASSET_SYMBOL_EXTENSIONS = YES;
				CLANG_ANALYZER_NONNULL = YES;
				CLANG_ANALYZER_NUMBER_OBJECT_CONVERSION = YES_AGGRESSIVE;
				CLANG_CXX_LANGUAGE_STANDARD = "gnu++20";
				CLANG_ENABLE_MODULES = YES;
				CLANG_ENABLE_OBJC_ARC = YES;
				CLANG_ENABLE_OBJC_WEAK = YES;
				CLANG_WARN_BLOCK_CAPTURE_AUTORELEASING = YES;
				CLANG_WARN_BOOL_CONVERSION = YES;
				CLANG_WARN_COMMA = YES;
				CLANG_WARN_CONSTANT_CONVERSION = YES;
				CLANG_WARN_DEPRECATED_OBJC_IMPLEMENTATIONS = YES;
				CLANG_WARN_DIRECT_OBJC_ISA_USAGE = YES_ERROR;
				CLANG_WARN_DOCUMENTATION_COMMENTS = YES;
				CLANG_WARN_EMPTY_BODY = YES;
				CLANG_WARN_ENUM_CONVERSION = YES;
				CLANG_WARN_INFINITE_RECURSION = YES;
				CLANG_WARN_INT_CONVERSION = YES;
				CLANG_WARN_NON_LITERAL_NULL_CONVERSION = YES;
				CLANG_WARN_OBJC_IMPLICIT_RETAIN_SELF = YES;
				CLANG_WARN_OBJC_LITERAL_CONVERSION = YES;
				CLANG_WARN_OBJC_ROOT_CLASS = YES_ERROR;
				CLANG_WARN_QUOTED_INCLUDE_IN_FRAMEWORK_HEADER = YES;
				CLANG_WARN_RANGE_LOOP_ANALYSIS = YES;
				CLANG_WARN_STRICT_PROTOTYPES = YES;
				CLANG_WARN_SUSPICIOUS_MOVE = YES;
				CLANG_WARN_UNGUARDED_AVAILABILITY = YES_AGGRESSIVE;
				CLANG_WARN_UNREACHABLE_CODE = YES;
				CLANG_WARN__DUPLICATE_METHOD_MATCH = YES;
				COPY_PHASE_STRIP = NO;
				DEBUG_INFORMATION_FORMAT = "dwarf-with-dsym";
				ENABLE_NS_ASSERTIONS = NO;
				ENABLE_STRICT_OBJC_MSGSEND = YES;
				ENABLE_USER_SCRIPT_SANDBOXING = YES;
				GCC_C_LANGUAGE_STANDARD = gnu17;
				GCC_NO_COMMON_BLOCKS = YES;
				GCC_WARN_64_TO_32_BIT_CONVERSION = YES;
				GCC_WARN_ABOUT_RETURN_TYPE = YES_ERROR;
				GCC_WARN_UNDECLARED_SELECTOR = YES;
				GCC_WARN_UNINITIALIZED_AUTOS = YES_AGGRESSIVE;
				GCC_WARN_UNUSED_FUNCTION = YES;
				GCC_WARN_UNUSED_VARIABLE = YES;
				IPHONEOS_DEPLOYMENT_TARGET = 17.5;
				LOCALIZATION_PREFERS_STRING_CATALOGS = YES;
				MTL_ENABLE_DEBUG_INFO = NO;
				MTL_FAST_MATH = YES;
				SDKROOT = iphoneos;
				SWIFT_COMPILATION_MODE = wholemodule;
				VALIDATE_PRODUCT = YES;
			};
			name = Release;
		};
		C4182EAB2DA26B9A006EF403 /* Debug */ = {
			isa = XCBuildConfiguration;
			buildSettings = {
				ASSETCATALOG_COMPILER_APPICON_NAME = AppIcon;
				ASSETCATALOG_COMPILER_GLOBAL_ACCENT_COLOR_NAME = AccentColor;
				CODE_SIGN_ENTITLEMENTS = teum/teum.entitlements;
				CODE_SIGN_STYLE = Automatic;
				CURRENT_PROJECT_VERSION = 1;
				DEVELOPMENT_ASSET_PATHS = "\"teum/Preview Content\"";
				DEVELOPMENT_TEAM = N727744RT8;
				ENABLE_PREVIEWS = YES;
				GENERATE_INFOPLIST_FILE = YES;
				INFOPLIST_FILE = teum/Info.plist;
				INFOPLIST_KEY_CFBundleDisplayName = "틈";
				INFOPLIST_KEY_UIApplicationSceneManifest_Generation = YES;
				INFOPLIST_KEY_UIApplicationSupportsIndirectInputEvents = YES;
				INFOPLIST_KEY_UILaunchScreen_Generation = YES;
				INFOPLIST_KEY_UISupportedInterfaceOrientations = UIInterfaceOrientationPortrait;
				INFOPLIST_KEY_UISupportedInterfaceOrientations_iPad = "UIInterfaceOrientationLandscapeLeft UIInterfaceOrientationLandscapeRight UIInterfaceOrientationPortrait UIInterfaceOrientationPortraitUpsideDown";
				IPHONEOS_DEPLOYMENT_TARGET = 17.0;
				LD_RUNPATH_SEARCH_PATHS = (
					"$(inherited)",
					"@executable_path/Frameworks",
				);
				MARKETING_VERSION = 1.0;
				PRODUCT_BUNDLE_IDENTIFIER = com.junehee.teum;
				PRODUCT_NAME = "$(TARGET_NAME)";
				SUPPORTED_PLATFORMS = "iphoneos iphonesimulator";
				SUPPORTS_MACCATALYST = NO;
				SUPPORTS_MAC_DESIGNED_FOR_IPHONE_IPAD = NO;
				SUPPORTS_XR_DESIGNED_FOR_IPHONE_IPAD = NO;
				SWIFT_EMIT_LOC_STRINGS = YES;
				SWIFT_VERSION = 5.0;
				TARGETED_DEVICE_FAMILY = 1;
			};
			name = Debug;
		};
		C4182EAC2DA26B9A006EF403 /* Release */ = {
			isa = XCBuildConfiguration;
			buildSettings = {
				ASSETCATALOG_COMPILER_APPICON_NAME = AppIcon;
				ASSETCATALOG_COMPILER_GLOBAL_ACCENT_COLOR_NAME = AccentColor;
				CODE_SIGN_ENTITLEMENTS = teum/teum.entitlements;
				CODE_SIGN_STYLE = Automatic;
				CURRENT_PROJECT_VERSION = 1;
				DEVELOPMENT_ASSET_PATHS = "\"teum/Preview Content\"";
				DEVELOPMENT_TEAM = N727744RT8;
				ENABLE_PREVIEWS = YES;
				GENERATE_INFOPLIST_FILE = YES;
				INFOPLIST_FILE = teum/Info.plist;
				INFOPLIST_KEY_CFBundleDisplayName = "틈";
				INFOPLIST_KEY_UIApplicationSceneManifest_Generation = YES;
				INFOPLIST_KEY_UIApplicationSupportsIndirectInputEvents = YES;
				INFOPLIST_KEY_UILaunchScreen_Generation = YES;
				INFOPLIST_KEY_UISupportedInterfaceOrientations = UIInterfaceOrientationPortrait;
				INFOPLIST_KEY_UISupportedInterfaceOrientations_iPad = "UIInterfaceOrientationLandscapeLeft UIInterfaceOrientationLandscapeRight UIInterfaceOrientationPortrait UIInterfaceOrientationPortraitUpsideDown";
				IPHONEOS_DEPLOYMENT_TARGET = 17.0;
				LD_RUNPATH_SEARCH_PATHS = (
					"$(inherited)",
					"@executable_path/Frameworks",
				);
				MARKETING_VERSION = 1.0;
				PRODUCT_BUNDLE_IDENTIFIER = com.junehee.teum;
				PRODUCT_NAME = "$(TARGET_NAME)";
				SUPPORTED_PLATFORMS = "iphoneos iphonesimulator";
				SUPPORTS_MACCATALYST = NO;
				SUPPORTS_MAC_DESIGNED_FOR_IPHONE_IPAD = NO;
				SUPPORTS_XR_DESIGNED_FOR_IPHONE_IPAD = NO;
				SWIFT_EMIT_LOC_STRINGS = YES;
				SWIFT_VERSION = 5.0;
				TARGETED_DEVICE_FAMILY = 1;
			};
			name = Release;
		};
/* End XCBuildConfiguration section */

/* Begin XCConfigurationList section */
		C4182E972DA26B97006EF403 /* Build configuration list for PBXProject "teum" */ = {
			isa = XCConfigurationList;
			buildConfigurations = (
				C4182EA82DA26B9A006EF403 /* Debug */,
				C4182EA92DA26B9A006EF403 /* Release */,
			);
			defaultConfigurationIsVisible = 0;
			defaultConfigurationName = Release;
		};
		C4182EAA2DA26B9A006EF403 /* Build configuration list for PBXNativeTarget "teum" */ = {
			isa = XCConfigurationList;
			buildConfigurations = (
				C4182EAB2DA26B9A006EF403 /* Debug */,
				C4182EAC2DA26B9A006EF403 /* Release */,
			);
			defaultConfigurationIsVisible = 0;
			defaultConfigurationName = Release;
		};
/* End XCConfigurationList section */

/* Begin XCRemoteSwiftPackageReference section */
		BFB8F2D62DB77D4F00C5A7CB /* XCRemoteSwiftPackageReference "GoogleSignIn-iOS" */ = {
			isa = XCRemoteSwiftPackageReference;
			repositoryURL = "https://github.com/google/GoogleSignIn-iOS.git";
			requirement = {
				kind = upToNextMajorVersion;
				minimumVersion = 8.0.0;
			};
		};
		F138A1602DAF5FA2000A6DE9 /* XCRemoteSwiftPackageReference "firebase-ios-sdk" */ = {
			isa = XCRemoteSwiftPackageReference;
			repositoryURL = "https://github.com/firebase/firebase-ios-sdk.git";
			requirement = {
				kind = upToNextMajorVersion;
				minimumVersion = 11.11.0;
			};
		};
		F1641E432DC13117009E99DB /* XCRemoteSwiftPackageReference "KakaoMapsSDK-SPM" */ = {
			isa = XCRemoteSwiftPackageReference;
			repositoryURL = "https://github.com/kakao-mapsSDK/KakaoMapsSDK-SPM.git";
			requirement = {
				kind = upToNextMajorVersion;
				minimumVersion = 2.12.5;
			};
		};
/* End XCRemoteSwiftPackageReference section */

/* Begin XCSwiftPackageProductDependency section */
		BFB8F2D72DB77D4F00C5A7CB /* GoogleSignIn */ = {
			isa = XCSwiftPackageProductDependency;
			package = BFB8F2D62DB77D4F00C5A7CB /* XCRemoteSwiftPackageReference "GoogleSignIn-iOS" */;
			productName = GoogleSignIn;
		};
		F138A1612DAF5FA2000A6DE9 /* FirebaseAuth */ = {
			isa = XCSwiftPackageProductDependency;
			package = F138A1602DAF5FA2000A6DE9 /* XCRemoteSwiftPackageReference "firebase-ios-sdk" */;
			productName = FirebaseAuth;
		};
		F138A1632DAF5FA2000A6DE9 /* FirebaseCrashlytics */ = {
			isa = XCSwiftPackageProductDependency;
			package = F138A1602DAF5FA2000A6DE9 /* XCRemoteSwiftPackageReference "firebase-ios-sdk" */;
			productName = FirebaseCrashlytics;
		};
		F138A1652DAF5FA2000A6DE9 /* FirebaseFirestore */ = {
			isa = XCSwiftPackageProductDependency;
			package = F138A1602DAF5FA2000A6DE9 /* XCRemoteSwiftPackageReference "firebase-ios-sdk" */;
			productName = FirebaseFirestore;
		};
		F1641E442DC13117009E99DB /* KakaoMapsSDK-SPM */ = {
			isa = XCSwiftPackageProductDependency;
			package = F1641E432DC13117009E99DB /* XCRemoteSwiftPackageReference "KakaoMapsSDK-SPM" */;
			productName = "KakaoMapsSDK-SPM";
		};
/* End XCSwiftPackageProductDependency section */
	};
	rootObject = C4182E942DA26B97006EF403 /* Project object */;
}
